
Microsoft Visual Studio Solution File, Format Version 12.00
# Visual Studio Version 16
VisualStudioVersion = 16.0.30804.86
MinimumVisualStudioVersion = 10.0.40219.1
Project("{FAE04EC0-301F-11D3-BF4B-00C04F79EFBC}") = "MarketAbuse", "MarketAbuse.csproj", "{B397B467-D72B-49F5-A6B2-6E515CFFE182}"
EndProject
Global
	GlobalSection(SolutionConfigurationPlatforms) = preSolution
		Debug|Any CPU = Debug|Any CPU
		Release|Any CPU = Release|Any CPU
	EndGlobalSection
	GlobalSection(ProjectConfigurationPlatforms) = postSolution
		{B397B467-D72B-49F5-A6B2-6E515CFFE182}.Debug|Any CPU.ActiveCfg = Debug|Any CPU
		{B397B467-D72B-49F5-A6B2-6E515CFFE182}.Debug|Any CPU.Build.0 = Debug|Any CPU
		{B397B467-D72B-49F5-A6B2-6E515CFFE182}.Release|Any CPU.ActiveCfg = Release|Any CPU
		{B397B467-D72B-49F5-A6B2-6E515CFFE182}.Release|Any CPU.Build.0 = Release|Any CPU
	EndGlobalSection
	GlobalSection(SolutionProperties) = preSolution
		HideSolutionNode = FALSE
	EndGlobalSection
	GlobalSection(ExtensibilityGlobals) = postSolution
		SolutionGuid = {D9B85A27-F4C4-4A24-992F-E83A18A21360}
	EndGlobalSection
EndGlobal
