
Microsoft Visual Studio Solution File, Format Version 12.00
# Visual Studio 15
VisualStudioVersion = 15.0.27130.2026
MinimumVisualStudioVersion = 10.0.40219.1
Project("{FAE04EC0-301F-11D3-BF4B-00C04F79EFBC}") = "MainMarketForm", "MainMarketForm\MainMarketForm.csproj", "{990C7A2F-382A-4440-82A8-D38A85C61A13}"
EndProject
Project("{FAE04EC0-301F-11D3-BF4B-00C04F79EFBC}") = "Updater", "Updater\Updater.csproj", "{E78E0A3D-73ED-44C6-AB87-DEB6E8AF0EDC}"
EndProject
Global
	GlobalSection(SolutionConfigurationPlatforms) = preSolution
		Debug|Any CPU = Debug|Any CPU
		Debug|x64 = Debug|x64
		Release|Any CPU = Release|Any CPU
		Release|x64 = Release|x64
	EndGlobalSection
	GlobalSection(ProjectConfigurationPlatforms) = postSolution
		{990C7A2F-382A-4440-82A8-D38A85C61A13}.Debug|Any CPU.ActiveCfg = Debug|Any CPU
		{990C7A2F-382A-4440-82A8-D38A85C61A13}.Debug|Any CPU.Build.0 = Debug|Any CPU
		{990C7A2F-382A-4440-82A8-D38A85C61A13}.Debug|x64.ActiveCfg = Debug|x64
		{990C7A2F-382A-4440-82A8-D38A85C61A13}.Debug|x64.Build.0 = Debug|x64
		{990C7A2F-382A-4440-82A8-D38A85C61A13}.Release|Any CPU.ActiveCfg = Release|Any CPU
		{990C7A2F-382A-4440-82A8-D38A85C61A13}.Release|Any CPU.Build.0 = Release|Any CPU
		{990C7A2F-382A-4440-82A8-D38A85C61A13}.Release|x64.ActiveCfg = Release|x64
		{990C7A2F-382A-4440-82A8-D38A85C61A13}.Release|x64.Build.0 = Release|x64
		{E78E0A3D-73ED-44C6-AB87-DEB6E8AF0EDC}.Debug|Any CPU.ActiveCfg = Debug|Any CPU
		{E78E0A3D-73ED-44C6-AB87-DEB6E8AF0EDC}.Debug|Any CPU.Build.0 = Debug|Any CPU
		{E78E0A3D-73ED-44C6-AB87-DEB6E8AF0EDC}.Debug|x64.ActiveCfg = Debug|Any CPU
		{E78E0A3D-73ED-44C6-AB87-DEB6E8AF0EDC}.Debug|x64.Build.0 = Debug|Any CPU
		{E78E0A3D-73ED-44C6-AB87-DEB6E8AF0EDC}.Release|Any CPU.ActiveCfg = Release|Any CPU
		{E78E0A3D-73ED-44C6-AB87-DEB6E8AF0EDC}.Release|Any CPU.Build.0 = Release|Any CPU
		{E78E0A3D-73ED-44C6-AB87-DEB6E8AF0EDC}.Release|x64.ActiveCfg = Release|Any CPU
		{E78E0A3D-73ED-44C6-AB87-DEB6E8AF0EDC}.Release|x64.Build.0 = Release|Any CPU
	EndGlobalSection
	GlobalSection(SolutionProperties) = preSolution
		HideSolutionNode = FALSE
	EndGlobalSection
	GlobalSection(ExtensibilityGlobals) = postSolution
		SolutionGuid = {B832FA1E-9FA1-44F7-B860-6FC34F31B50E}
	EndGlobalSection
EndGlobal
