
Microsoft Visual Studio Solution File, Format Version 12.00
# Visual Studio 14
VisualStudioVersion = 14.0.23107.0
MinimumVisualStudioVersion = 10.0.40219.1
Project("{FAE04EC0-301F-11D3-BF4B-00C04F79EFBC}") = "MarketAbuse", "MarketAbuse\MarketAbuse.csproj", "{BDBCBA0D-DBD4-4435-982E-54F924A2CC5E}"
EndProject
Global
	GlobalSection(SolutionConfigurationPlatforms) = preSolution
		Debug|Any CPU = Debug|Any CPU
		Release|Any CPU = Release|Any CPU
	EndGlobalSection
	GlobalSection(ProjectConfigurationPlatforms) = postSolution
		{BDBCBA0D-DBD4-4435-982E-54F924A2CC5E}.Debug|Any CPU.ActiveCfg = Debug|Any CPU
		{BDBCBA0D-DBD4-4435-982E-54F924A2CC5E}.Debug|Any CPU.Build.0 = Debug|Any CPU
		{BDBCBA0D-DBD4-4435-982E-54F924A2CC5E}.Release|Any CPU.ActiveCfg = Release|Any CPU
		{BDBCBA0D-DBD4-4435-982E-54F924A2CC5E}.Release|Any CPU.Build.0 = Release|Any CPU
	EndGlobalSection
	GlobalSection(SolutionProperties) = preSolution
		HideSolutionNode = FALSE
	EndGlobalSection
EndGlobal
